// !$*UTF8*$!
{
	archiveVersion = 1;
	classes = {
	};
	objectVersion = 50;
	objects = {

/* Begin PBXBuildFile section */
		6AF1FAE822D3D5E600AC06B3 /* AppDelegate.swift in Sources */ = {isa = PBXBuildFile; fileRef = 6AF1FAE722D3D5E600AC06B3 /* AppDelegate.swift */; };
		6AF1FAED22D3D5E600AC06B3 /* Main.storyboard in Resources */ = {isa = PBXBuildFile; fileRef = 6AF1FAEB22D3D5E600AC06B3 /* Main.storyboard */; };
		6AF1FAEF22D3D5E900AC06B3 /* Assets.xcassets in Resources */ = {isa = PBXBuildFile; fileRef = 6AF1FAEE22D3D5E900AC06B3 /* Assets.xcassets */; };
		6AF1FAF222D3D5E900AC06B3 /* LaunchScreen.storyboard in Resources */ = {isa = PBXBuildFile; fileRef = 6AF1FAF022D3D5E900AC06B3 /* LaunchScreen.storyboard */; };
		6AF1FAFC22D3D60A00AC06B3 /* CloudKit.framework in Frameworks */ = {isa = PBXBuildFile; fileRef = 6AF1FAFB22D3D60A00AC06B3 /* CloudKit.framework */; };
		6AF1FB0122D3D6AF00AC06B3 /* Entry.swift in Sources */ = {isa = PBXBuildFile; fileRef = 6AF1FB0022D3D6AF00AC06B3 /* Entry.swift */; };
		6AF1FB0422D3E71700AC06B3 /* EntryController.swift in Sources */ = {isa = PBXBuildFile; fileRef = 6AF1FB0322D3E71700AC06B3 /* EntryController.swift */; };
		6AF1FB0822D3FE7500AC06B3 /* EntryTableViewController.swift in Sources */ = {isa = PBXBuildFile; fileRef = 6AF1FB0722D3FE7500AC06B3 /* EntryTableViewController.swift */; };
		6AF1FB0A22D400E000AC06B3 /* EntryDetailViewController.swift in Sources */ = {isa = PBXBuildFile; fileRef = 6AF1FB0922D400E000AC06B3 /* EntryDetailViewController.swift */; };
/* End PBXBuildFile section */

/* Begin PBXFileReference section */
		6AF1FAE422D3D5E600AC06B3 /* JournalCloudKit.app */ = {isa = PBXFileReference; explicitFileType = wrapper.application; includeInIndex = 0; path = JournalCloudKit.app; sourceTree = BUILT_PRODUCTS_DIR; };
		6AF1FAE722D3D5E600AC06B3 /* AppDelegate.swift */ = {isa = PBXFileReference; lastKnownFileType = sourcecode.swift; path = AppDelegate.swift; sourceTree = "<group>"; };
		6AF1FAEC22D3D5E600AC06B3 /* Base */ = {isa = PBXFileReference; lastKnownFileType = file.storyboard; name = Base; path = Base.lproj/Main.storyboard; sourceTree = "<group>"; };
		6AF1FAEE22D3D5E900AC06B3 /* Assets.xcassets */ = {isa = PBXFileReference; lastKnownFileType = folder.assetcatalog; path = Assets.xcassets; sourceTree = "<group>"; };
		6AF1FAF122D3D5E900AC06B3 /* Base */ = {isa = PBXFileReference; lastKnownFileType = file.storyboard; name = Base; path = Base.lproj/LaunchScreen.storyboard; sourceTree = "<group>"; };
		6AF1FAF322D3D5E900AC06B3 /* Info.plist */ = {isa = PBXFileReference; lastKnownFileType = text.plist.xml; path = Info.plist; sourceTree = "<group>"; };
		6AF1FAF922D3D60700AC06B3 /* JournalCloudKit.entitlements */ = {isa = PBXFileReference; lastKnownFileType = text.plist.entitlements; path = JournalCloudKit.entitlements; sourceTree = "<group>"; };
		6AF1FAFB22D3D60A00AC06B3 /* CloudKit.framework */ = {isa = PBXFileReference; lastKnownFileType = wrapper.framework; name = CloudKit.framework; path = System/Library/Frameworks/CloudKit.framework; sourceTree = SDKROOT; };
		6AF1FB0022D3D6AF00AC06B3 /* Entry.swift */ = {isa = PBXFileReference; lastKnownFileType = sourcecode.swift; path = Entry.swift; sourceTree = "<group>"; };
		6AF1FB0322D3E71700AC06B3 /* EntryController.swift */ = {isa = PBXFileReference; lastKnownFileType = sourcecode.swift; name = EntryController.swift; path = "../Model Controller/EntryController.swift"; sourceTree = "<group>"; };
		6AF1FB0722D3FE7500AC06B3 /* EntryTableViewController.swift */ = {isa = PBXFileReference; lastKnownFileType = sourcecode.swift; path = EntryTableViewController.swift; sourceTree = "<group>"; };
		6AF1FB0922D400E000AC06B3 /* EntryDetailViewController.swift */ = {isa = PBXFileReference; lastKnownFileType = sourcecode.swift; path = EntryDetailViewController.swift; sourceTree = "<group>"; };
/* End PBXFileReference section */

/* Begin PBXFrameworksBuildPhase section */
		6AF1FAE122D3D5E600AC06B3 /* Frameworks */ = {
			isa = PBXFrameworksBuildPhase;
			buildActionMask = 2147483647;
			files = (
				6AF1FAFC22D3D60A00AC06B3 /* CloudKit.framework in Frameworks */,
			);
			runOnlyForDeploymentPostprocessing = 0;
		};
/* End PBXFrameworksBuildPhase section */

/* Begin PBXGroup section */
		6AF1FADB22D3D5E600AC06B3 = {
			isa = PBXGroup;
			children = (
				6AF1FAE622D3D5E600AC06B3 /* JournalCloudKit */,
				6AF1FAE522D3D5E600AC06B3 /* Products */,
				6AF1FAFA22D3D60A00AC06B3 /* Frameworks */,
			);
			sourceTree = "<group>";
		};
		6AF1FAE522D3D5E600AC06B3 /* Products */ = {
			isa = PBXGroup;
			children = (
				6AF1FAE422D3D5E600AC06B3 /* JournalCloudKit.app */,
			);
			name = Products;
			sourceTree = "<group>";
		};
		6AF1FAE622D3D5E600AC06B3 /* JournalCloudKit */ = {
			isa = PBXGroup;
			children = (
				6AF1FB0622D3FE4E00AC06B3 /* New Group1 */,
				6AF1FAFF22D3D6A100AC06B3 /* Model */,
				6AF1FAFD22D3D63F00AC06B3 /* View */,
				6AF1FAFE22D3D67F00AC06B3 /* Resources */,
				6AF1FB0522D3E72600AC06B3 /* New Group */,
			);
			path = JournalCloudKit;
			sourceTree = "<group>";
		};
		6AF1FAFA22D3D60A00AC06B3 /* Frameworks */ = {
			isa = PBXGroup;
			children = (
				6AF1FAFB22D3D60A00AC06B3 /* CloudKit.framework */,
			);
			name = Frameworks;
			sourceTree = "<group>";
		};
		6AF1FAFD22D3D63F00AC06B3 /* View */ = {
			isa = PBXGroup;
			children = (
				6AF1FAEB22D3D5E600AC06B3 /* Main.storyboard */,
			);
			path = View;
			sourceTree = "<group>";
		};
		6AF1FAFE22D3D67F00AC06B3 /* Resources */ = {
			isa = PBXGroup;
			children = (
				6AF1FAF922D3D60700AC06B3 /* JournalCloudKit.entitlements */,
				6AF1FAE722D3D5E600AC06B3 /* AppDelegate.swift */,
				6AF1FAEE22D3D5E900AC06B3 /* Assets.xcassets */,
				6AF1FAF022D3D5E900AC06B3 /* LaunchScreen.storyboard */,
				6AF1FAF322D3D5E900AC06B3 /* Info.plist */,
			);
			path = Resources;
			sourceTree = "<group>";
		};
		6AF1FAFF22D3D6A100AC06B3 /* Model */ = {
			isa = PBXGroup;
			children = (
				6AF1FB0022D3D6AF00AC06B3 /* Entry.swift */,
			);
			path = Model;
			sourceTree = "<group>";
		};
		6AF1FB0522D3E72600AC06B3 /* New Group */ = {
			isa = PBXGroup;
			children = (
				6AF1FB0322D3E71700AC06B3 /* EntryController.swift */,
			);
			path = "New Group";
			sourceTree = "<group>";
		};
		6AF1FB0622D3FE4E00AC06B3 /* New Group1 */ = {
			isa = PBXGroup;
			children = (
				6AF1FB0722D3FE7500AC06B3 /* EntryTableViewController.swift */,
				6AF1FB0922D400E000AC06B3 /* EntryDetailViewController.swift */,
			);
			path = "New Group1";
			sourceTree = "<group>";
		};
/* End PBXGroup section */

/* Begin PBXNativeTarget section */
		6AF1FAE322D3D5E600AC06B3 /* JournalCloudKit */ = {
			isa = PBXNativeTarget;
			buildConfigurationList = 6AF1FAF622D3D5E900AC06B3 /* Build configuration list for PBXNativeTarget "JournalCloudKit" */;
			buildPhases = (
				6AF1FAE022D3D5E600AC06B3 /* Sources */,
				6AF1FAE122D3D5E600AC06B3 /* Frameworks */,
				6AF1FAE222D3D5E600AC06B3 /* Resources */,
			);
			buildRules = (
			);
			dependencies = (
			);
			name = JournalCloudKit;
			productName = JournalCloudKit;
			productReference = 6AF1FAE422D3D5E600AC06B3 /* JournalCloudKit.app */;
			productType = "com.apple.product-type.application";
		};
/* End PBXNativeTarget section */

/* Begin PBXProject section */
		6AF1FADC22D3D5E600AC06B3 /* Project object */ = {
			isa = PBXProject;
			attributes = {
				LastSwiftUpdateCheck = 1020;
				LastUpgradeCheck = 1020;
				ORGANIZATIONNAME = "Julia Rodriguez";
				TargetAttributes = {
					6AF1FAE322D3D5E600AC06B3 = {
						CreatedOnToolsVersion = 10.2.1;
						SystemCapabilities = {
							com.apple.Push = {
								enabled = 1;
							};
							com.apple.iCloud = {
								enabled = 1;
							};
						};
					};
				};
			};
			buildConfigurationList = 6AF1FADF22D3D5E600AC06B3 /* Build configuration list for PBXProject "JournalCloudKit" */;
			compatibilityVersion = "Xcode 9.3";
			developmentRegion = en;
			hasScannedForEncodings = 0;
			knownRegions = (
				en,
				Base,
			);
			mainGroup = 6AF1FADB22D3D5E600AC06B3;
			productRefGroup = 6AF1FAE522D3D5E600AC06B3 /* Products */;
			projectDirPath = "";
			projectRoot = "";
			targets = (
				6AF1FAE322D3D5E600AC06B3 /* JournalCloudKit */,
			);
		};
/* End PBXProject section */

/* Begin PBXResourcesBuildPhase section */
		6AF1FAE222D3D5E600AC06B3 /* Resources */ = {
			isa = PBXResourcesBuildPhase;
			buildActionMask = 2147483647;
			files = (
				6AF1FAF222D3D5E900AC06B3 /* LaunchScreen.storyboard in Resources */,
				6AF1FAEF22D3D5E900AC06B3 /* Assets.xcassets in Resources */,
				6AF1FAED22D3D5E600AC06B3 /* Main.storyboard in Resources */,
			);
			runOnlyForDeploymentPostprocessing = 0;
		};
/* End PBXResourcesBuildPhase section */

/* Begin PBXSourcesBuildPhase section */
		6AF1FAE022D3D5E600AC06B3 /* Sources */ = {
			isa = PBXSourcesBuildPhase;
			buildActionMask = 2147483647;
			files = (
				6AF1FB0122D3D6AF00AC06B3 /* Entry.swift in Sources */,
				6AF1FB0422D3E71700AC06B3 /* EntryController.swift in Sources */,
				6AF1FB0822D3FE7500AC06B3 /* EntryTableViewController.swift in Sources */,
				6AF1FB0A22D400E000AC06B3 /* EntryDetailViewController.swift in Sources */,
				6AF1FAE822D3D5E600AC06B3 /* AppDelegate.swift in Sources */,
			);
			runOnlyForDeploymentPostprocessing = 0;
		};
/* End PBXSourcesBuildPhase section */

/* Begin PBXVariantGroup section */
		6AF1FAEB22D3D5E600AC06B3 /* Main.storyboard */ = {
			isa = PBXVariantGroup;
			children = (
				6AF1FAEC22D3D5E600AC06B3 /* Base */,
			);
			name = Main.storyboard;
			sourceTree = "<group>";
		};
		6AF1FAF022D3D5E900AC06B3 /* LaunchScreen.storyboard */ = {
			isa = PBXVariantGroup;
			children = (
				6AF1FAF122D3D5E900AC06B3 /* Base */,
			);
			name = LaunchScreen.storyboard;
			sourceTree = "<group>";
		};
/* End PBXVariantGroup section */

/* Begin XCBuildConfiguration section */
		6AF1FAF422D3D5E900AC06B3 /* Debug */ = {
			isa = XCBuildConfiguration;
			buildSettings = {
				ALWAYS_SEARCH_USER_PATHS = NO;
				CLANG_ANALYZER_NONNULL = YES;
				CLANG_ANALYZER_NUMBER_OBJECT_CONVERSION = YES_AGGRESSIVE;
				CLANG_CXX_LANGUAGE_STANDARD = "gnu++14";
				CLANG_CXX_LIBRARY = "libc++";
				CLANG_ENABLE_MODULES = YES;
				CLANG_ENABLE_OBJC_ARC = YES;
				CLANG_ENABLE_OBJC_WEAK = YES;
				CLANG_WARN_BLOCK_CAPTURE_AUTORELEASING = YES;
				CLANG_WARN_BOOL_CONVERSION = YES;
				CLANG_WARN_COMMA = YES;
				CLANG_WARN_CONSTANT_CONVERSION = YES;
				CLANG_WARN_DEPRECATED_OBJC_IMPLEMENTATIONS = YES;
				CLANG_WARN_DIRECT_OBJC_ISA_USAGE = YES_ERROR;
				CLANG_WARN_DOCUMENTATION_COMMENTS = YES;
				CLANG_WARN_EMPTY_BODY = YES;
				CLANG_WARN_ENUM_CONVERSION = YES;
				CLANG_WARN_INFINITE_RECURSION = YES;
				CLANG_WARN_INT_CONVERSION = YES;
				CLANG_WARN_NON_LITERAL_NULL_CONVERSION = YES;
				CLANG_WARN_OBJC_IMPLICIT_RETAIN_SELF = YES;
				CLANG_WARN_OBJC_LITERAL_CONVERSION = YES;
				CLANG_WARN_OBJC_ROOT_CLASS = YES_ERROR;
				CLANG_WARN_RANGE_LOOP_ANALYSIS = YES;
				CLANG_WARN_STRICT_PROTOTYPES = YES;
				CLANG_WARN_SUSPICIOUS_MOVE = YES;
				CLANG_WARN_UNGUARDED_AVAILABILITY = YES_AGGRESSIVE;
				CLANG_WARN_UNREACHABLE_CODE = YES;
				CLANG_WARN__DUPLICATE_METHOD_MATCH = YES;
				CODE_SIGN_IDENTITY = "iPhone Developer";
				COPY_PHASE_STRIP = NO;
				DEBUG_INFORMATION_FORMAT = dwarf;
				ENABLE_STRICT_OBJC_MSGSEND = YES;
				ENABLE_TESTABILITY = YES;
				GCC_C_LANGUAGE_STANDARD = gnu11;
				GCC_DYNAMIC_NO_PIC = NO;
				GCC_NO_COMMON_BLOCKS = YES;
				GCC_OPTIMIZATION_LEVEL = 0;
				GCC_PREPROCESSOR_DEFINITIONS = (
					"DEBUG=1",
					"$(inherited)",
				);
				GCC_WARN_64_TO_32_BIT_CONVERSION = YES;
				GCC_WARN_ABOUT_RETURN_TYPE = YES_ERROR;
				GCC_WARN_UNDECLARED_SELECTOR = YES;
				GCC_WARN_UNINITIALIZED_AUTOS = YES_AGGRESSIVE;
				GCC_WARN_UNUSED_FUNCTION = YES;
				GCC_WARN_UNUSED_VARIABLE = YES;
				IPHONEOS_DEPLOYMENT_TARGET = 12.2;
				MTL_ENABLE_DEBUG_INFO = INCLUDE_SOURCE;
				MTL_FAST_MATH = YES;
				ONLY_ACTIVE_ARCH = YES;
				SDKROOT = iphoneos;
				SWIFT_ACTIVE_COMPILATION_CONDITIONS = DEBUG;
				SWIFT_OPTIMIZATION_LEVEL = "-Onone";
			};
			name = Debug;
		};
		6AF1FAF522D3D5E900AC06B3 /* Release */ = {
			isa = XCBuildConfiguration;
			buildSettings = {
				ALWAYS_SEARCH_USER_PATHS = NO;
				CLANG_ANALYZER_NONNULL = YES;
				CLANG_ANALYZER_NUMBER_OBJECT_CONVERSION = YES_AGGRESSIVE;
				CLANG_CXX_LANGUAGE_STANDARD = "gnu++14";
				CLANG_CXX_LIBRARY = "libc++";
				CLANG_ENABLE_MODULES = YES;
				CLANG_ENABLE_OBJC_ARC = YES;
				CLANG_ENABLE_OBJC_WEAK = YES;
				CLANG_WARN_BLOCK_CAPTURE_AUTORELEASING = YES;
				CLANG_WARN_BOOL_CONVERSION = YES;
				CLANG_WARN_COMMA = YES;
				CLANG_WARN_CONSTANT_CONVERSION = YES;
				CLANG_WARN_DEPRECATED_OBJC_IMPLEMENTATIONS = YES;
				CLANG_WARN_DIRECT_OBJC_ISA_USAGE = YES_ERROR;
				CLANG_WARN_DOCUMENTATION_COMMENTS = YES;
				CLANG_WARN_EMPTY_BODY = YES;
				CLANG_WARN_ENUM_CONVERSION = YES;
				CLANG_WARN_INFINITE_RECURSION = YES;
				CLANG_WARN_INT_CONVERSION = YES;
				CLANG_WARN_NON_LITERAL_NULL_CONVERSION = YES;
				CLANG_WARN_OBJC_IMPLICIT_RETAIN_SELF = YES;
				CLANG_WARN_OBJC_LITERAL_CONVERSION = YES;
				CLANG_WARN_OBJC_ROOT_CLASS = YES_ERROR;
				CLANG_WARN_RANGE_LOOP_ANALYSIS = YES;
				CLANG_WARN_STRICT_PROTOTYPES = YES;
				CLANG_WARN_SUSPICIOUS_MOVE = YES;
				CLANG_WARN_UNGUARDED_AVAILABILITY = YES_AGGRESSIVE;
				CLANG_WARN_UNREACHABLE_CODE = YES;
				CLANG_WARN__DUPLICATE_METHOD_MATCH = YES;
				CODE_SIGN_IDENTITY = "iPhone Developer";
				COPY_PHASE_STRIP = NO;
				DEBUG_INFORMATION_FORMAT = "dwarf-with-dsym";
				ENABLE_NS_ASSERTIONS = NO;
				ENABLE_STRICT_OBJC_MSGSEND = YES;
				GCC_C_LANGUAGE_STANDARD = gnu11;
				GCC_NO_COMMON_BLOCKS = YES;
				GCC_WARN_64_TO_32_BIT_CONVERSION = YES;
				GCC_WARN_ABOUT_RETURN_TYPE = YES_ERROR;
				GCC_WARN_UNDECLARED_SELECTOR = YES;
				GCC_WARN_UNINITIALIZED_AUTOS = YES_AGGRESSIVE;
				GCC_WARN_UNUSED_FUNCTION = YES;
				GCC_WARN_UNUSED_VARIABLE = YES;
				IPHONEOS_DEPLOYMENT_TARGET = 12.2;
				MTL_ENABLE_DEBUG_INFO = NO;
				MTL_FAST_MATH = YES;
				SDKROOT = iphoneos;
				SWIFT_COMPILATION_MODE = wholemodule;
				SWIFT_OPTIMIZATION_LEVEL = "-O";
				VALIDATE_PRODUCT = YES;
			};
			name = Release;
		};
		6AF1FAF722D3D5E900AC06B3 /* Debug */ = {
			isa = XCBuildConfiguration;
			buildSettings = {
				ASSETCATALOG_COMPILER_APPICON_NAME = AppIcon;
				CODE_SIGN_ENTITLEMENTS = JournalCloudKit/JournalCloudKit.entitlements;
				CODE_SIGN_STYLE = Automatic;
				DEVELOPMENT_TEAM = 899TSM5Z6B;
				INFOPLIST_FILE = "$(SRCROOT)/JournalCloudKit/Resources/Info.plist";
				LD_RUNPATH_SEARCH_PATHS = (
					"$(inherited)",
					"@executable_path/Frameworks",
				);
				PRODUCT_BUNDLE_IDENTIFIER = com.JournalCloudKit.JournalCloudKit;
				PRODUCT_NAME = "$(TARGET_NAME)";
				SWIFT_VERSION = 5.0;
				TARGETED_DEVICE_FAMILY = "1,2";
			};
			name = Debug;
		};
		6AF1FAF822D3D5E900AC06B3 /* Release */ = {
			isa = XCBuildConfiguration;
			buildSettings = {
				ASSETCATALOG_COMPILER_APPICON_NAME = AppIcon;
				CODE_SIGN_ENTITLEMENTS = JournalCloudKit/JournalCloudKit.entitlements;
				CODE_SIGN_STYLE = Automatic;
				DEVELOPMENT_TEAM = 899TSM5Z6B;
				INFOPLIST_FILE = "$(SRCROOT)/JournalCloudKit/Resources/Info.plist";
				LD_RUNPATH_SEARCH_PATHS = (
					"$(inherited)",
					"@executable_path/Frameworks",
				);
				PRODUCT_BUNDLE_IDENTIFIER = com.JournalCloudKit.JournalCloudKit;
				PRODUCT_NAME = "$(TARGET_NAME)";
				SWIFT_VERSION = 5.0;
				TARGETED_DEVICE_FAMILY = "1,2";
			};
			name = Release;
		};
/* End XCBuildConfiguration section */

/* Begin XCConfigurationList section */
		6AF1FADF22D3D5E600AC06B3 /* Build configuration list for PBXProject "JournalCloudKit" */ = {
			isa = XCConfigurationList;
			buildConfigurations = (
				6AF1FAF422D3D5E900AC06B3 /* Debug */,
				6AF1FAF522D3D5E900AC06B3 /* Release */,
			);
			defaultConfigurationIsVisible = 0;
			defaultConfigurationName = Release;
		};
		6AF1FAF622D3D5E900AC06B3 /* Build configuration list for PBXNativeTarget "JournalCloudKit" */ = {
			isa = XCConfigurationList;
			buildConfigurations = (
				6AF1FAF722D3D5E900AC06B3 /* Debug */,
				6AF1FAF822D3D5E900AC06B3 /* Release */,
			);
			defaultConfigurationIsVisible = 0;
			defaultConfigurationName = Release;
		};
/* End XCConfigurationList section */
	};
	rootObject = 6AF1FADC22D3D5E600AC06B3 /* Project object */;
}
